
Microsoft Visual Studio Solution File, Format Version 12.00
# Visual Studio 15
VisualStudioVersion = 15.0.28307.421
MinimumVisualStudioVersion = 10.0.40219.1
Project("{8BC9CEB8-8B4A-11D0-8D11-00A0C91BC942}") = "zad2", "zad2\zad2.vcxproj", "{06F3A3D3-D559-4001-B59E-ABAA12F2C6CB}"
EndProject
Project("{8BC9CEB8-8B4A-11D0-8D11-00A0C91BC942}") = "zad3", "zad3\zad3.vcxproj", "{F274D3FC-AA94-477E-A550-B68450F54B7B}"
EndProject
Project("{8BC9CEB8-8B4A-11D0-8D11-00A0C91BC942}") = "zad1", "zad1\vj1.vcxproj", "{512117AB-9B47-4E33-BDE1-8E46998B2729}"
EndProject
Global
	GlobalSection(SolutionConfigurationPlatforms) = preSolution
		Debug|x64 = Debug|x64
		Debug|x86 = Debug|x86
		Release|x64 = Release|x64
		Release|x86 = Release|x86
	EndGlobalSection
	GlobalSection(ProjectConfigurationPlatforms) = postSolution
		{06F3A3D3-D559-4001-B59E-ABAA12F2C6CB}.Debug|x64.ActiveCfg = Debug|x64
		{06F3A3D3-D559-4001-B59E-ABAA12F2C6CB}.Debug|x64.Build.0 = Debug|x64
		{06F3A3D3-D559-4001-B59E-ABAA12F2C6CB}.Debug|x86.ActiveCfg = Debug|Win32
		{06F3A3D3-D559-4001-B59E-ABAA12F2C6CB}.Debug|x86.Build.0 = Debug|Win32
		{06F3A3D3-D559-4001-B59E-ABAA12F2C6CB}.Release|x64.ActiveCfg = Release|x64
		{06F3A3D3-D559-4001-B59E-ABAA12F2C6CB}.Release|x64.Build.0 = Release|x64
		{06F3A3D3-D559-4001-B59E-ABAA12F2C6CB}.Release|x86.ActiveCfg = Release|Win32
		{06F3A3D3-D559-4001-B59E-ABAA12F2C6CB}.Release|x86.Build.0 = Release|Win32
		{F274D3FC-AA94-477E-A550-B68450F54B7B}.Debug|x64.ActiveCfg = Debug|x64
		{F274D3FC-AA94-477E-A550-B68450F54B7B}.Debug|x64.Build.0 = Debug|x64
		{F274D3FC-AA94-477E-A550-B68450F54B7B}.Debug|x86.ActiveCfg = Debug|Win32
		{F274D3FC-AA94-477E-A550-B68450F54B7B}.Debug|x86.Build.0 = Debug|Win32
		{F274D3FC-AA94-477E-A550-B68450F54B7B}.Release|x64.ActiveCfg = Release|x64
		{F274D3FC-AA94-477E-A550-B68450F54B7B}.Release|x64.Build.0 = Release|x64
		{F274D3FC-AA94-477E-A550-B68450F54B7B}.Release|x86.ActiveCfg = Release|Win32
		{F274D3FC-AA94-477E-A550-B68450F54B7B}.Release|x86.Build.0 = Release|Win32
		{512117AB-9B47-4E33-BDE1-8E46998B2729}.Debug|x64.ActiveCfg = Debug|x64
		{512117AB-9B47-4E33-BDE1-8E46998B2729}.Debug|x64.Build.0 = Debug|x64
		{512117AB-9B47-4E33-BDE1-8E46998B2729}.Debug|x86.ActiveCfg = Debug|Win32
		{512117AB-9B47-4E33-BDE1-8E46998B2729}.Debug|x86.Build.0 = Debug|Win32
		{512117AB-9B47-4E33-BDE1-8E46998B2729}.Release|x64.ActiveCfg = Release|x64
		{512117AB-9B47-4E33-BDE1-8E46998B2729}.Release|x64.Build.0 = Release|x64
		{512117AB-9B47-4E33-BDE1-8E46998B2729}.Release|x86.ActiveCfg = Release|Win32
		{512117AB-9B47-4E33-BDE1-8E46998B2729}.Release|x86.Build.0 = Release|Win32
	EndGlobalSection
	GlobalSection(SolutionProperties) = preSolution
		HideSolutionNode = FALSE
	EndGlobalSection
	GlobalSection(ExtensibilityGlobals) = postSolution
		SolutionGuid = {A72B2FE2-1FF4-4163-8B1D-AE5433461A74}
	EndGlobalSection
EndGlobal
